
Microsoft Visual Studio Solution File, Format Version 12.00
# Visual Studio Version 16
VisualStudioVersion = 16.0.30204.135
MinimumVisualStudioVersion = 10.0.40219.1
Project("{FAE04EC0-301F-11D3-BF4B-00C04F79EFBC}") = "jenkinstest", "jenkinstest\jenkinstest.csproj", "{F59C05BD-266F-43FD-85C0-7F8B5D94CEA8}"
EndProject
Project("{FAE04EC0-301F-11D3-BF4B-00C04F79EFBC}") = "UnitTestProject1", "UnitTestProject1\UnitTestProject1.csproj", "{8BF87F49-1C7D-4DF4-BD07-274BF1AAEF01}"
EndProject
Global
	GlobalSection(SolutionConfigurationPlatforms) = preSolution
		Debug|Any CPU = Debug|Any CPU
		Release|Any CPU = Release|Any CPU
	EndGlobalSection
	GlobalSection(ProjectConfigurationPlatforms) = postSolution
		{F59C05BD-266F-43FD-85C0-7F8B5D94CEA8}.Debug|Any CPU.ActiveCfg = Debug|Any CPU
		{F59C05BD-266F-43FD-85C0-7F8B5D94CEA8}.Debug|Any CPU.Build.0 = Debug|Any CPU
		{F59C05BD-266F-43FD-85C0-7F8B5D94CEA8}.Release|Any CPU.ActiveCfg = Release|Any CPU
		{F59C05BD-266F-43FD-85C0-7F8B5D94CEA8}.Release|Any CPU.Build.0 = Release|Any CPU
		{8BF87F49-1C7D-4DF4-BD07-274BF1AAEF01}.Debug|Any CPU.ActiveCfg = Debug|Any CPU
		{8BF87F49-1C7D-4DF4-BD07-274BF1AAEF01}.Debug|Any CPU.Build.0 = Debug|Any CPU
		{8BF87F49-1C7D-4DF4-BD07-274BF1AAEF01}.Release|Any CPU.ActiveCfg = Release|Any CPU
		{8BF87F49-1C7D-4DF4-BD07-274BF1AAEF01}.Release|Any CPU.Build.0 = Release|Any CPU
	EndGlobalSection
	GlobalSection(SolutionProperties) = preSolution
		HideSolutionNode = FALSE
	EndGlobalSection
	GlobalSection(ExtensibilityGlobals) = postSolution
		SolutionGuid = {DD74B420-2F2C-4224-A068-9D5781F74F70}
	EndGlobalSection
EndGlobal
